Microsoft Visual Studio Solution File, Format Version 12.00
Project("{E53339B2-1760-4266-BCC7-CA923CBCF16C}") = "docker-compose", "docker-compose.dcproj", "{FEA0C318-FFED-4D39-8781-265718CA43DD}"
EndProject
Project("{2150E333-8FDC-42A3-9474-1A3956D46DE8}") = "src", "src", "{1C9CCB21-0190-4FE3-AA2D-5CAFF98194DF}"
EndProject
Project("{FAE04EC0-301F-11D3-BF4B-00C04F79EFBC}") = "People.Domain", "src\People.Domain\People.Domain.csproj", "{34D9032C-5705-42B6-B687-D05307645F63}"
EndProject
Project("{FAE04EC0-301F-11D3-BF4B-00C04F79EFBC}") = "People.Infrastructure", "src\People.Infrastructure\People.Infrastructure.csproj", "{61EA839C-6373-4E9B-B176-7FE6158CCB15}"
EndProject
Project("{FAE04EC0-301F-11D3-BF4B-00C04F79EFBC}") = "People.Api", "src\People.Api\People.Api.csproj", "{0DE746CE-DD32-404A-B970-1B8463001399}"
EndProject
Project("{2150E333-8FDC-42A3-9474-1A3956D46DE8}") = "actions", "actions", "{28D0700F-E64C-494A-ADAE-93F62A07E4ED}"
	ProjectSection(SolutionItems) = preProject
		.github\workflows\people.yml = .github\workflows\people.yml
		.github\workflows\webhooks.yml = .github\workflows\webhooks.yml
	EndProjectSection
EndProject
Project("{FAE04EC0-301F-11D3-BF4B-00C04F79EFBC}") = "People.Webhooks", "src\People.Webhooks\People.Webhooks.csproj", "{51B26503-D625-4629-89C5-62CEEC12E30B}"
EndProject
Project("{FAE04EC0-301F-11D3-BF4B-00C04F79EFBC}") = "People.Kafka", "src\People.Kafka\People.Kafka.csproj", "{2B5F33CE-8ED0-49A3-AB6E-E52254EA4905}"
EndProject
Project("{2150E333-8FDC-42A3-9474-1A3956D46DE8}") = "composite", "composite", "{50444B63-895D-4848-8C82-C09FC4B936DC}"
EndProject
Project("{2150E333-8FDC-42A3-9474-1A3956D46DE8}") = "build", "build", "{360F9701-FFC8-479E-BE1D-EE792B6AAE5D}"
	ProjectSection(SolutionItems) = preProject
		.github\workflows\composite\build\action.yml = .github\workflows\composite\build\action.yml
	EndProjectSection
EndProject
Project("{FAE04EC0-301F-11D3-BF4B-00C04F79EFBC}") = "People.Telemetry", "src\People.Telemetry\People.Telemetry.csproj", "{86DE256D-F860-4D87-89BF-A9CB9BB406D5}"
EndProject
Global
	GlobalSection(SolutionConfigurationPlatforms) = preSolution
		Debug|Any CPU = Debug|Any CPU
		Release|Any CPU = Release|Any CPU
	EndGlobalSection
	GlobalSection(ProjectConfigurationPlatforms) = postSolution
		{34D9032C-5705-42B6-B687-D05307645F63}.Debug|Any CPU.ActiveCfg = Debug|Any CPU
		{34D9032C-5705-42B6-B687-D05307645F63}.Debug|Any CPU.Build.0 = Debug|Any CPU
		{34D9032C-5705-42B6-B687-D05307645F63}.Release|Any CPU.ActiveCfg = Release|Any CPU
		{34D9032C-5705-42B6-B687-D05307645F63}.Release|Any CPU.Build.0 = Release|Any CPU
		{61EA839C-6373-4E9B-B176-7FE6158CCB15}.Debug|Any CPU.ActiveCfg = Debug|Any CPU
		{61EA839C-6373-4E9B-B176-7FE6158CCB15}.Debug|Any CPU.Build.0 = Debug|Any CPU
		{61EA839C-6373-4E9B-B176-7FE6158CCB15}.Release|Any CPU.ActiveCfg = Release|Any CPU
		{61EA839C-6373-4E9B-B176-7FE6158CCB15}.Release|Any CPU.Build.0 = Release|Any CPU
		{0DE746CE-DD32-404A-B970-1B8463001399}.Debug|Any CPU.ActiveCfg = Debug|Any CPU
		{0DE746CE-DD32-404A-B970-1B8463001399}.Debug|Any CPU.Build.0 = Debug|Any CPU
		{0DE746CE-DD32-404A-B970-1B8463001399}.Release|Any CPU.ActiveCfg = Release|Any CPU
		{0DE746CE-DD32-404A-B970-1B8463001399}.Release|Any CPU.Build.0 = Release|Any CPU
		{51B26503-D625-4629-89C5-62CEEC12E30B}.Debug|Any CPU.ActiveCfg = Debug|Any CPU
		{51B26503-D625-4629-89C5-62CEEC12E30B}.Debug|Any CPU.Build.0 = Debug|Any CPU
		{51B26503-D625-4629-89C5-62CEEC12E30B}.Release|Any CPU.ActiveCfg = Release|Any CPU
		{51B26503-D625-4629-89C5-62CEEC12E30B}.Release|Any CPU.Build.0 = Release|Any CPU
		{2B5F33CE-8ED0-49A3-AB6E-E52254EA4905}.Debug|Any CPU.ActiveCfg = Debug|Any CPU
		{2B5F33CE-8ED0-49A3-AB6E-E52254EA4905}.Debug|Any CPU.Build.0 = Debug|Any CPU
		{2B5F33CE-8ED0-49A3-AB6E-E52254EA4905}.Release|Any CPU.ActiveCfg = Release|Any CPU
		{2B5F33CE-8ED0-49A3-AB6E-E52254EA4905}.Release|Any CPU.Build.0 = Release|Any CPU
		{86DE256D-F860-4D87-89BF-A9CB9BB406D5}.Debug|Any CPU.ActiveCfg = Debug|Any CPU
		{86DE256D-F860-4D87-89BF-A9CB9BB406D5}.Debug|Any CPU.Build.0 = Debug|Any CPU
		{86DE256D-F860-4D87-89BF-A9CB9BB406D5}.Release|Any CPU.ActiveCfg = Release|Any CPU
		{86DE256D-F860-4D87-89BF-A9CB9BB406D5}.Release|Any CPU.Build.0 = Release|Any CPU
	EndGlobalSection
	GlobalSection(NestedProjects) = preSolution
		{0DE746CE-DD32-404A-B970-1B8463001399} = {1C9CCB21-0190-4FE3-AA2D-5CAFF98194DF}
		{34D9032C-5705-42B6-B687-D05307645F63} = {1C9CCB21-0190-4FE3-AA2D-5CAFF98194DF}
		{61EA839C-6373-4E9B-B176-7FE6158CCB15} = {1C9CCB21-0190-4FE3-AA2D-5CAFF98194DF}
		{51B26503-D625-4629-89C5-62CEEC12E30B} = {1C9CCB21-0190-4FE3-AA2D-5CAFF98194DF}
		{2B5F33CE-8ED0-49A3-AB6E-E52254EA4905} = {1C9CCB21-0190-4FE3-AA2D-5CAFF98194DF}
		{50444B63-895D-4848-8C82-C09FC4B936DC} = {28D0700F-E64C-494A-ADAE-93F62A07E4ED}
		{360F9701-FFC8-479E-BE1D-EE792B6AAE5D} = {50444B63-895D-4848-8C82-C09FC4B936DC}
		{86DE256D-F860-4D87-89BF-A9CB9BB406D5} = {1C9CCB21-0190-4FE3-AA2D-5CAFF98194DF}
	EndGlobalSection
EndGlobal
