
Microsoft Visual Studio Solution File, Format Version 12.00
Project("{2150E333-8FDC-42A3-9474-1A3956D46DE8}") = "src", "src", "{1C9CCB21-0190-4FE3-AA2D-5CAFF98194DF}"
ProjectSection(SolutionItems) = preProject
	src\docker-compose.yml = src\docker-compose.yml
EndProjectSection
EndProject
Project("{FAE04EC0-301F-11D3-BF4B-00C04F79EFBC}") = "People.Account.Domain", "src\People.Account.Domain\People.Account.Domain.csproj", "{34D9032C-5705-42B6-B687-D05307645F63}"
EndProject
Project("{FAE04EC0-301F-11D3-BF4B-00C04F79EFBC}") = "People.Account.Infrastructure", "src\People.Account.Infrastructure\People.Account.Infrastructure.csproj", "{61EA839C-6373-4E9B-B176-7FE6158CCB15}"
EndProject
Project("{FAE04EC0-301F-11D3-BF4B-00C04F79EFBC}") = "People.Account.Api", "src\People.Account.Api\People.Account.Api.csproj", "{0DE746CE-DD32-404A-B970-1B8463001399}"
EndProject
Project("{FAE04EC0-301F-11D3-BF4B-00C04F79EFBC}") = "People.Gateway", "src\People.Gateway\People.Gateway.csproj", "{D70C15A8-D5A1-45BB-BA25-0936B08B4C69}"
EndProject
Project("{FAE04EC0-301F-11D3-BF4B-00C04F79EFBC}") = "People.Account.Worker", "src\People.Account.Worker\People.Account.Worker.csproj", "{B7709AC2-4B09-4A32-B80F-70E378ED1792}"
EndProject
Project("{2150E333-8FDC-42A3-9474-1A3956D46DE8}") = "test", "test", "{4E1E34BD-54F1-400A-9C6A-C9C4EFD92221}"
EndProject
Project("{FAE04EC0-301F-11D3-BF4B-00C04F79EFBC}") = "People.Infrastructure.UnitTest", "test\People.Infrastructure.UnitTest\People.Infrastructure.UnitTest.csproj", "{88FF57A2-D4E5-4A32-B462-57B4C45CBA39}"
EndProject
Project("{2150E333-8FDC-42A3-9474-1A3956D46DE8}") = "Account", "Account", "{F381D12A-CB5B-4D66-86F5-1DABD9E5E52B}"
EndProject
Project("{2150E333-8FDC-42A3-9474-1A3956D46DE8}") = "Gateway", "Gateway", "{ABD1EF70-C4B1-43AB-BA1B-566E88A9FCFF}"
EndProject
Project("{2150E333-8FDC-42A3-9474-1A3956D46DE8}") = "Notification", "Notification", "{460881B3-AC54-478D-90A3-30C42FAD2172}"
EndProject
Project("{FAE04EC0-301F-11D3-BF4B-00C04F79EFBC}") = "People.Notification.Api", "src\People.Notification.Api\People.Notification.Api.csproj", "{5907B0D0-11FF-4CBE-90BD-534E588A57A5}"
EndProject
Project("{2150E333-8FDC-42A3-9474-1A3956D46DE8}") = "Shared", "Shared", "{252957EB-AD3F-4565-8648-9902DE5A58DC}"
EndProject
Project("{FAE04EC0-301F-11D3-BF4B-00C04F79EFBC}") = "People.Mongo", "src\People.Mongo\People.Mongo.csproj", "{BC5ADDD4-6B13-4372-A1E6-E62669E59FE5}"
EndProject
Project("{FAE04EC0-301F-11D3-BF4B-00C04F79EFBC}") = "People.Kafka", "src\People.Kafka\People.Kafka.csproj", "{B1578509-3930-46EA-94E3-09880AB04DCC}"
EndProject
Project("{FAE04EC0-301F-11D3-BF4B-00C04F79EFBC}") = "People.Integration.Event", "src\People.Integration.Event\People.Integration.Event.csproj", "{C8002B9C-C4F1-48F7-9543-C9A7FB1BB10D}"
EndProject
Global
	GlobalSection(SolutionConfigurationPlatforms) = preSolution
		Debug|Any CPU = Debug|Any CPU
		Release|Any CPU = Release|Any CPU
	EndGlobalSection
	GlobalSection(ProjectConfigurationPlatforms) = postSolution
		{34D9032C-5705-42B6-B687-D05307645F63}.Debug|Any CPU.ActiveCfg = Debug|Any CPU
		{34D9032C-5705-42B6-B687-D05307645F63}.Debug|Any CPU.Build.0 = Debug|Any CPU
		{34D9032C-5705-42B6-B687-D05307645F63}.Release|Any CPU.ActiveCfg = Release|Any CPU
		{34D9032C-5705-42B6-B687-D05307645F63}.Release|Any CPU.Build.0 = Release|Any CPU
		{61EA839C-6373-4E9B-B176-7FE6158CCB15}.Debug|Any CPU.ActiveCfg = Debug|Any CPU
		{61EA839C-6373-4E9B-B176-7FE6158CCB15}.Debug|Any CPU.Build.0 = Debug|Any CPU
		{61EA839C-6373-4E9B-B176-7FE6158CCB15}.Release|Any CPU.ActiveCfg = Release|Any CPU
		{61EA839C-6373-4E9B-B176-7FE6158CCB15}.Release|Any CPU.Build.0 = Release|Any CPU
		{0DE746CE-DD32-404A-B970-1B8463001399}.Debug|Any CPU.ActiveCfg = Debug|Any CPU
		{0DE746CE-DD32-404A-B970-1B8463001399}.Debug|Any CPU.Build.0 = Debug|Any CPU
		{0DE746CE-DD32-404A-B970-1B8463001399}.Release|Any CPU.ActiveCfg = Release|Any CPU
		{0DE746CE-DD32-404A-B970-1B8463001399}.Release|Any CPU.Build.0 = Release|Any CPU
		{D70C15A8-D5A1-45BB-BA25-0936B08B4C69}.Debug|Any CPU.ActiveCfg = Debug|Any CPU
		{D70C15A8-D5A1-45BB-BA25-0936B08B4C69}.Debug|Any CPU.Build.0 = Debug|Any CPU
		{D70C15A8-D5A1-45BB-BA25-0936B08B4C69}.Release|Any CPU.ActiveCfg = Release|Any CPU
		{D70C15A8-D5A1-45BB-BA25-0936B08B4C69}.Release|Any CPU.Build.0 = Release|Any CPU
		{B7709AC2-4B09-4A32-B80F-70E378ED1792}.Debug|Any CPU.ActiveCfg = Debug|Any CPU
		{B7709AC2-4B09-4A32-B80F-70E378ED1792}.Debug|Any CPU.Build.0 = Debug|Any CPU
		{B7709AC2-4B09-4A32-B80F-70E378ED1792}.Release|Any CPU.ActiveCfg = Release|Any CPU
		{B7709AC2-4B09-4A32-B80F-70E378ED1792}.Release|Any CPU.Build.0 = Release|Any CPU
		{88FF57A2-D4E5-4A32-B462-57B4C45CBA39}.Debug|Any CPU.ActiveCfg = Debug|Any CPU
		{88FF57A2-D4E5-4A32-B462-57B4C45CBA39}.Debug|Any CPU.Build.0 = Debug|Any CPU
		{88FF57A2-D4E5-4A32-B462-57B4C45CBA39}.Release|Any CPU.ActiveCfg = Release|Any CPU
		{88FF57A2-D4E5-4A32-B462-57B4C45CBA39}.Release|Any CPU.Build.0 = Release|Any CPU
		{5907B0D0-11FF-4CBE-90BD-534E588A57A5}.Debug|Any CPU.ActiveCfg = Debug|Any CPU
		{5907B0D0-11FF-4CBE-90BD-534E588A57A5}.Debug|Any CPU.Build.0 = Debug|Any CPU
		{5907B0D0-11FF-4CBE-90BD-534E588A57A5}.Release|Any CPU.ActiveCfg = Release|Any CPU
		{5907B0D0-11FF-4CBE-90BD-534E588A57A5}.Release|Any CPU.Build.0 = Release|Any CPU
		{BC5ADDD4-6B13-4372-A1E6-E62669E59FE5}.Debug|Any CPU.ActiveCfg = Debug|Any CPU
		{BC5ADDD4-6B13-4372-A1E6-E62669E59FE5}.Debug|Any CPU.Build.0 = Debug|Any CPU
		{BC5ADDD4-6B13-4372-A1E6-E62669E59FE5}.Release|Any CPU.ActiveCfg = Release|Any CPU
		{BC5ADDD4-6B13-4372-A1E6-E62669E59FE5}.Release|Any CPU.Build.0 = Release|Any CPU
		{B1578509-3930-46EA-94E3-09880AB04DCC}.Debug|Any CPU.ActiveCfg = Debug|Any CPU
		{B1578509-3930-46EA-94E3-09880AB04DCC}.Debug|Any CPU.Build.0 = Debug|Any CPU
		{B1578509-3930-46EA-94E3-09880AB04DCC}.Release|Any CPU.ActiveCfg = Release|Any CPU
		{B1578509-3930-46EA-94E3-09880AB04DCC}.Release|Any CPU.Build.0 = Release|Any CPU
		{C8002B9C-C4F1-48F7-9543-C9A7FB1BB10D}.Debug|Any CPU.ActiveCfg = Debug|Any CPU
		{C8002B9C-C4F1-48F7-9543-C9A7FB1BB10D}.Debug|Any CPU.Build.0 = Debug|Any CPU
		{C8002B9C-C4F1-48F7-9543-C9A7FB1BB10D}.Release|Any CPU.ActiveCfg = Release|Any CPU
		{C8002B9C-C4F1-48F7-9543-C9A7FB1BB10D}.Release|Any CPU.Build.0 = Release|Any CPU
	EndGlobalSection
	GlobalSection(NestedProjects) = preSolution
		{88FF57A2-D4E5-4A32-B462-57B4C45CBA39} = {4E1E34BD-54F1-400A-9C6A-C9C4EFD92221}
		{F381D12A-CB5B-4D66-86F5-1DABD9E5E52B} = {1C9CCB21-0190-4FE3-AA2D-5CAFF98194DF}
		{ABD1EF70-C4B1-43AB-BA1B-566E88A9FCFF} = {1C9CCB21-0190-4FE3-AA2D-5CAFF98194DF}
		{D70C15A8-D5A1-45BB-BA25-0936B08B4C69} = {ABD1EF70-C4B1-43AB-BA1B-566E88A9FCFF}
		{0DE746CE-DD32-404A-B970-1B8463001399} = {F381D12A-CB5B-4D66-86F5-1DABD9E5E52B}
		{34D9032C-5705-42B6-B687-D05307645F63} = {F381D12A-CB5B-4D66-86F5-1DABD9E5E52B}
		{61EA839C-6373-4E9B-B176-7FE6158CCB15} = {F381D12A-CB5B-4D66-86F5-1DABD9E5E52B}
		{B7709AC2-4B09-4A32-B80F-70E378ED1792} = {F381D12A-CB5B-4D66-86F5-1DABD9E5E52B}
		{460881B3-AC54-478D-90A3-30C42FAD2172} = {1C9CCB21-0190-4FE3-AA2D-5CAFF98194DF}
		{5907B0D0-11FF-4CBE-90BD-534E588A57A5} = {460881B3-AC54-478D-90A3-30C42FAD2172}
		{252957EB-AD3F-4565-8648-9902DE5A58DC} = {1C9CCB21-0190-4FE3-AA2D-5CAFF98194DF}
		{BC5ADDD4-6B13-4372-A1E6-E62669E59FE5} = {252957EB-AD3F-4565-8648-9902DE5A58DC}
		{B1578509-3930-46EA-94E3-09880AB04DCC} = {252957EB-AD3F-4565-8648-9902DE5A58DC}
		{C8002B9C-C4F1-48F7-9543-C9A7FB1BB10D} = {252957EB-AD3F-4565-8648-9902DE5A58DC}
	EndGlobalSection
EndGlobal
