
Microsoft Visual Studio Solution File, Format Version 12.00
Project("{2150E333-8FDC-42A3-9474-1A3956D46DE8}") = "src", "src", "{1C9CCB21-0190-4FE3-AA2D-5CAFF98194DF}"
ProjectSection(SolutionItems) = preProject
	src\docker-compose.yml = src\docker-compose.yml
EndProjectSection
EndProject
Project("{FAE04EC0-301F-11D3-BF4B-00C04F79EFBC}") = "People.Domain", "src\People.Domain\People.Domain.csproj", "{34D9032C-5705-42B6-B687-D05307645F63}"
EndProject
Project("{FAE04EC0-301F-11D3-BF4B-00C04F79EFBC}") = "People.Infrastructure", "src\People.Infrastructure\People.Infrastructure.csproj", "{61EA839C-6373-4E9B-B176-7FE6158CCB15}"
EndProject
Project("{FAE04EC0-301F-11D3-BF4B-00C04F79EFBC}") = "People.Api", "src\People.Api\People.Api.csproj", "{0DE746CE-DD32-404A-B970-1B8463001399}"
EndProject
Project("{FAE04EC0-301F-11D3-BF4B-00C04F79EFBC}") = "People.Gateway", "src\People.Gateway\People.Gateway.csproj", "{D70C15A8-D5A1-45BB-BA25-0936B08B4C69}"
EndProject
Project("{FAE04EC0-301F-11D3-BF4B-00C04F79EFBC}") = "People.Worker", "src\People.Worker\People.Worker.csproj", "{B7709AC2-4B09-4A32-B80F-70E378ED1792}"
EndProject
Project("{FAE04EC0-301F-11D3-BF4B-00C04F79EFBC}") = "People.Host", "src\People.Host\People.Host.csproj", "{9DD0077D-7ABC-4AFF-87CD-0F42783C3A0D}"
EndProject
Project("{2150E333-8FDC-42A3-9474-1A3956D46DE8}") = "test", "test", "{4E1E34BD-54F1-400A-9C6A-C9C4EFD92221}"
EndProject
Project("{FAE04EC0-301F-11D3-BF4B-00C04F79EFBC}") = "People.Infrastructure.UnitTest", "test\People.Infrastructure.UnitTest\People.Infrastructure.UnitTest.csproj", "{88FF57A2-D4E5-4A32-B462-57B4C45CBA39}"
EndProject
Global
	GlobalSection(SolutionConfigurationPlatforms) = preSolution
		Debug|Any CPU = Debug|Any CPU
		Release|Any CPU = Release|Any CPU
	EndGlobalSection
	GlobalSection(ProjectConfigurationPlatforms) = postSolution
		{34D9032C-5705-42B6-B687-D05307645F63}.Debug|Any CPU.ActiveCfg = Debug|Any CPU
		{34D9032C-5705-42B6-B687-D05307645F63}.Debug|Any CPU.Build.0 = Debug|Any CPU
		{34D9032C-5705-42B6-B687-D05307645F63}.Release|Any CPU.ActiveCfg = Release|Any CPU
		{34D9032C-5705-42B6-B687-D05307645F63}.Release|Any CPU.Build.0 = Release|Any CPU
		{61EA839C-6373-4E9B-B176-7FE6158CCB15}.Debug|Any CPU.ActiveCfg = Debug|Any CPU
		{61EA839C-6373-4E9B-B176-7FE6158CCB15}.Debug|Any CPU.Build.0 = Debug|Any CPU
		{61EA839C-6373-4E9B-B176-7FE6158CCB15}.Release|Any CPU.ActiveCfg = Release|Any CPU
		{61EA839C-6373-4E9B-B176-7FE6158CCB15}.Release|Any CPU.Build.0 = Release|Any CPU
		{0DE746CE-DD32-404A-B970-1B8463001399}.Debug|Any CPU.ActiveCfg = Debug|Any CPU
		{0DE746CE-DD32-404A-B970-1B8463001399}.Debug|Any CPU.Build.0 = Debug|Any CPU
		{0DE746CE-DD32-404A-B970-1B8463001399}.Release|Any CPU.ActiveCfg = Release|Any CPU
		{0DE746CE-DD32-404A-B970-1B8463001399}.Release|Any CPU.Build.0 = Release|Any CPU
		{D70C15A8-D5A1-45BB-BA25-0936B08B4C69}.Debug|Any CPU.ActiveCfg = Debug|Any CPU
		{D70C15A8-D5A1-45BB-BA25-0936B08B4C69}.Debug|Any CPU.Build.0 = Debug|Any CPU
		{D70C15A8-D5A1-45BB-BA25-0936B08B4C69}.Release|Any CPU.ActiveCfg = Release|Any CPU
		{D70C15A8-D5A1-45BB-BA25-0936B08B4C69}.Release|Any CPU.Build.0 = Release|Any CPU
		{B7709AC2-4B09-4A32-B80F-70E378ED1792}.Debug|Any CPU.ActiveCfg = Debug|Any CPU
		{B7709AC2-4B09-4A32-B80F-70E378ED1792}.Debug|Any CPU.Build.0 = Debug|Any CPU
		{B7709AC2-4B09-4A32-B80F-70E378ED1792}.Release|Any CPU.ActiveCfg = Release|Any CPU
		{B7709AC2-4B09-4A32-B80F-70E378ED1792}.Release|Any CPU.Build.0 = Release|Any CPU
		{9DD0077D-7ABC-4AFF-87CD-0F42783C3A0D}.Debug|Any CPU.ActiveCfg = Debug|Any CPU
		{9DD0077D-7ABC-4AFF-87CD-0F42783C3A0D}.Debug|Any CPU.Build.0 = Debug|Any CPU
		{9DD0077D-7ABC-4AFF-87CD-0F42783C3A0D}.Release|Any CPU.ActiveCfg = Release|Any CPU
		{9DD0077D-7ABC-4AFF-87CD-0F42783C3A0D}.Release|Any CPU.Build.0 = Release|Any CPU
		{88FF57A2-D4E5-4A32-B462-57B4C45CBA39}.Debug|Any CPU.ActiveCfg = Debug|Any CPU
		{88FF57A2-D4E5-4A32-B462-57B4C45CBA39}.Debug|Any CPU.Build.0 = Debug|Any CPU
		{88FF57A2-D4E5-4A32-B462-57B4C45CBA39}.Release|Any CPU.ActiveCfg = Release|Any CPU
		{88FF57A2-D4E5-4A32-B462-57B4C45CBA39}.Release|Any CPU.Build.0 = Release|Any CPU
	EndGlobalSection
	GlobalSection(NestedProjects) = preSolution
		{9DD0077D-7ABC-4AFF-87CD-0F42783C3A0D} = {1C9CCB21-0190-4FE3-AA2D-5CAFF98194DF}
		{D70C15A8-D5A1-45BB-BA25-0936B08B4C69} = {1C9CCB21-0190-4FE3-AA2D-5CAFF98194DF}
		{0DE746CE-DD32-404A-B970-1B8463001399} = {1C9CCB21-0190-4FE3-AA2D-5CAFF98194DF}
		{34D9032C-5705-42B6-B687-D05307645F63} = {1C9CCB21-0190-4FE3-AA2D-5CAFF98194DF}
		{61EA839C-6373-4E9B-B176-7FE6158CCB15} = {1C9CCB21-0190-4FE3-AA2D-5CAFF98194DF}
		{B7709AC2-4B09-4A32-B80F-70E378ED1792} = {1C9CCB21-0190-4FE3-AA2D-5CAFF98194DF}
		{88FF57A2-D4E5-4A32-B462-57B4C45CBA39} = {4E1E34BD-54F1-400A-9C6A-C9C4EFD92221}
	EndGlobalSection
EndGlobal
